<?xml version="1.0" encoding="utf-8"?>
<Project ToolsVersion="4.0" xmlns="http://schemas.microsoft.com/developer/msbuild/2003">
  <ItemGroup>
    <Filter Include="Source Files">
      <UniqueIdentifier>{4FC737F1-C7A5-4376-A066-2A32D752A2FF}</UniqueIdentifier>
      <Extensions>cpp;c;cc;cxx;def;odl;idl;hpj;bat;asm;asmx</Extensions>
    </Filter>
    <Filter Include="Header Files">
      <UniqueIdentifier>{93995380-89BD-4b04-88EB-625FBE52EBFB}</UniqueIdentifier>
      <Extensions>h;hh;hpp;hxx;hm;inl;inc;xsd</Extensions>
    </Filter>
    <Filter Include="Resource Files">
      <UniqueIdentifier>{67DA6AB6-F800-4c08-8B7A-83BB121AAD01}</UniqueIdentifier>
      <Extensions>rc;ico;cur;bmp;dlg;rc2;rct;bin;rgs;gif;jpg;jpeg;jpe;resx;tiff;tif;png;wav;mfcribbon-ms</Extensions>
    </Filter>
    <Filter Include="Header Files\UI">
      <UniqueIdentifier>{3ba4d3ae-e8ec-4c30-8b77-3c5ebfe5cd89}</UniqueIdentifier>
    </Filter>
    <Filter Include="Source Files\UI">
      <UniqueIdentifier>{5c3890b9-9038-4632-bde9-69fb343eb608}</UniqueIdentifier>
    </Filter>
    <Filter Include="Source Files\SnakeSource">
      <UniqueIdentifier>{6938c5cf-4705-4b41-9bdb-54e6d71b7e67}</UniqueIdentifier>
    </Filter>
    <Filter Include="Header Files\Utilities">
      <UniqueIdentifier>{c60c6950-7870-4e37-9154-bb4572d49195}</UniqueIdentifier>
    </Filter>
    <Filter Include="Header Files\Utilities\Event Manager">
      <UniqueIdentifier>{2aa4c2bd-a016-4862-bf76-9e68657f7d47}</UniqueIdentifier>
    </Filter>
    <Filter Include="Source Files\Utilities">
      <UniqueIdentifier>{5e01f854-7028-428c-a33c-1fe03f86bacc}</UniqueIdentifier>
    </Filter>
    <Filter Include="Source Files\Utilities\Event Manager">
      <UniqueIdentifier>{381e8cbe-24a3-4db5-94ca-7ad10d64cd38}</UniqueIdentifier>
    </Filter>
    <Filter Include="Source Files\Games">
      <UniqueIdentifier>{08d1135c-2a9a-425a-a5ee-f765f34a3c9a}</UniqueIdentifier>
    </Filter>
    <Filter Include="Header Files\Utilities\StateManager">
      <UniqueIdentifier>{398c7e83-9080-4b50-805d-bb64e66fd86a}</UniqueIdentifier>
    </Filter>
    <Filter Include="Source Files\Utilities\StateManager">
      <UniqueIdentifier>{bba96af1-ffff-43b5-8c94-891f59b5dceb}</UniqueIdentifier>
    </Filter>
    <Filter Include="Header Files\Games">
      <UniqueIdentifier>{4a216cc6-8000-4d48-966a-da651e087bd3}</UniqueIdentifier>
    </Filter>
    <Filter Include="Header Files\Games\Snake">
      <UniqueIdentifier>{ef00f778-f84d-440b-941d-c6f2def3e88c}</UniqueIdentifier>
    </Filter>
    <Filter Include="Header Files\Games\Snake\SnakeHeader">
      <UniqueIdentifier>{0da48a44-f7ca-4c8e-8b1c-1e7a6d8ae03b}</UniqueIdentifier>
    </Filter>
    <Filter Include="Header Files\Games\Mushroom">
      <UniqueIdentifier>{5224a29a-c405-49ca-8b87-1454a8c81baf}</UniqueIdentifier>
    </Filter>
    <Filter Include="Header Files\Games\StateGame">
      <UniqueIdentifier>{3712291f-3f5d-4155-bb4c-807c79a94762}</UniqueIdentifier>
    </Filter>
  </ItemGroup>
  <ItemGroup>
    <ClCompile Include="Window.cpp">
      <Filter>Source Files</Filter>
    </ClCompile>
    <ClCompile Include="Main.cpp">
      <Filter>Source Files</Filter>
    </ClCompile>
    <ClCompile Include="TextBox.cpp">
      <Filter>Source Files\UI</Filter>
    </ClCompile>
    <ClCompile Include="Snake.cpp">
      <Filter>Source Files\SnakeSource</Filter>
    </ClCompile>
    <ClCompile Include="SnakeWorld.cpp">
      <Filter>Source Files\SnakeSource</Filter>
    </ClCompile>
    <ClCompile Include="EventManager.cpp">
      <Filter>Source Files\Utilities\Event Manager</Filter>
    </ClCompile>
    <ClCompile Include="GameMushroom.cpp">
      <Filter>Source Files\Games</Filter>
    </ClCompile>
    <ClCompile Include="GameSnake.cpp">
      <Filter>Source Files\Games</Filter>
    </ClCompile>
    <ClCompile Include="StateManager.cpp">
      <Filter>Source Files\Utilities\StateManager</Filter>
    </ClCompile>
    <ClCompile Include="State_Intro.cpp">
      <Filter>Source Files\Utilities\StateManager</Filter>
    </ClCompile>
    <ClCompile Include="State_Main.cpp">
      <Filter>Source Files\Utilities\StateManager</Filter>
    </ClCompile>
    <ClCompile Include="State_Paused.cpp">
      <Filter>Source Files\Utilities\StateManager</Filter>
    </ClCompile>
    <ClCompile Include="State_Game.cpp">
      <Filter>Source Files\Utilities\StateManager</Filter>
    </ClCompile>
    <ClCompile Include="StateGameTest.cpp">
      <Filter>Source Files\Games</Filter>
    </ClCompile>
  </ItemGroup>
  <ItemGroup>
    <ClInclude Include="Window.h">
      <Filter>Header Files</Filter>
    </ClInclude>
    <ClInclude Include="TextBox.h">
      <Filter>Header Files\UI</Filter>
    </ClInclude>
    <ClInclude Include="Snake.h">
      <Filter>Header Files\Games\Snake\SnakeHeader</Filter>
    </ClInclude>
    <ClInclude Include="SnakeWorld.h">
      <Filter>Header Files\Games\Snake\SnakeHeader</Filter>
    </ClInclude>
    <ClInclude Include="EventManager.h">
      <Filter>Header Files\Utilities\Event Manager</Filter>
    </ClInclude>
    <ClInclude Include="StateManager.h">
      <Filter>Header Files\Utilities\StateManager</Filter>
    </ClInclude>
    <ClInclude Include="SharedContext.h">
      <Filter>Header Files\Utilities\StateManager</Filter>
    </ClInclude>
    <ClInclude Include="BaseState.h">
      <Filter>Header Files\Utilities\StateManager</Filter>
    </ClInclude>
    <ClInclude Include="State_Intro.h">
      <Filter>Header Files\Utilities\StateManager</Filter>
    </ClInclude>
    <ClInclude Include="State_Game.h">
      <Filter>Header Files\Utilities\StateManager</Filter>
    </ClInclude>
    <ClInclude Include="State_Main.h">
      <Filter>Header Files\Utilities\StateManager</Filter>
    </ClInclude>
    <ClInclude Include="State_Paused.h">
      <Filter>Header Files\Utilities\StateManager</Filter>
    </ClInclude>
    <ClInclude Include="GameMushroom.h">
      <Filter>Header Files\Games\Mushroom</Filter>
    </ClInclude>
    <ClInclude Include="Game.h">
      <Filter>Header Files\Games\Snake</Filter>
    </ClInclude>
    <ClInclude Include="StateGameTest.h">
      <Filter>Header Files\Games\StateGame</Filter>
    </ClInclude>
    <ClInclude Include="Utilities.h">
      <Filter>Header Files\Utilities</Filter>
    </ClInclude>
  </ItemGroup>
</Project>